
Microsoft Visual Studio Solution File, Format Version 12.00
# Visual Studio Version 17
VisualStudioVersion = 17.1.32407.343
MinimumVisualStudioVersion = 10.0.40219.1
Project("{FAE04EC0-301F-11D3-BF4B-00C04F79EFBC}") = "DevOpsTask", "DevOpsTask\DevOpsTask.csproj", "{939023B1-D6F9-4018-B5F2-6EA8C36C782F}"
EndProject
Global
	GlobalSection(SolutionConfigurationPlatforms) = preSolution
		Debug|Any CPU = Debug|Any CPU
		Release|Any CPU = Release|Any CPU
	EndGlobalSection
	GlobalSection(ProjectConfigurationPlatforms) = postSolution
		{939023B1-D6F9-4018-B5F2-6EA8C36C782F}.Debug|Any CPU.ActiveCfg = Debug|Any CPU
		{939023B1-D6F9-4018-B5F2-6EA8C36C782F}.Debug|Any CPU.Build.0 = Debug|Any CPU
		{939023B1-D6F9-4018-B5F2-6EA8C36C782F}.Release|Any CPU.ActiveCfg = Release|Any CPU
		{939023B1-D6F9-4018-B5F2-6EA8C36C782F}.Release|Any CPU.Build.0 = Release|Any CPU
	EndGlobalSection
	GlobalSection(SolutionProperties) = preSolution
		HideSolutionNode = FALSE
	EndGlobalSection
	GlobalSection(ExtensibilityGlobals) = postSolution
		SolutionGuid = {4C3752FE-423C-4AEB-BA8D-CD38FEDFA068}
	EndGlobalSection
EndGlobal
